
Microsoft Visual Studio Solution File, Format Version 12.00
# Visual Studio Version 17
VisualStudioVersion = 17.4.33403.182
MinimumVisualStudioVersion = 10.0.40219.1
Project("{FAE04EC0-301F-11D3-BF4B-00C04F79EFBC}") = "NUnit_Selenium", "NUnit_Selenium\NUnit_Selenium.csproj", "{4862B6CE-18A1-403C-8C62-0E079CF1082D}"
EndProject
Global
	GlobalSection(SolutionConfigurationPlatforms) = preSolution
		Debug|Any CPU = Debug|Any CPU
		Release|Any CPU = Release|Any CPU
	EndGlobalSection
	GlobalSection(ProjectConfigurationPlatforms) = postSolution
		{4862B6CE-18A1-403C-8C62-0E079CF1082D}.Debug|Any CPU.ActiveCfg = Debug|Any CPU
		{4862B6CE-18A1-403C-8C62-0E079CF1082D}.Debug|Any CPU.Build.0 = Debug|Any CPU
		{4862B6CE-18A1-403C-8C62-0E079CF1082D}.Release|Any CPU.ActiveCfg = Release|Any CPU
		{4862B6CE-18A1-403C-8C62-0E079CF1082D}.Release|Any CPU.Build.0 = Release|Any CPU
	EndGlobalSection
	GlobalSection(SolutionProperties) = preSolution
		HideSolutionNode = FALSE
	EndGlobalSection
	GlobalSection(ExtensibilityGlobals) = postSolution
		SolutionGuid = {076B6C52-4C4C-490C-928D-E79F51CBA769}
	EndGlobalSection
EndGlobal
